// !$*UTF8*$!
{
	archiveVersion = 1;
	classes = {
	};
	objectVersion = 46;
	objects = {

/* Begin PBXBuildFile section */
		00143D121DE4CD6000AEF853 /* MangaUpdatesAPI.swift in Sources */ = {isa = PBXBuildFile; fileRef = 00143D111DE4CD6000AEF853 /* MangaUpdatesAPI.swift */; };
		00143D141DE4D3ED00AEF853 /* Manga.swift in Sources */ = {isa = PBXBuildFile; fileRef = 00143D131DE4D3ED00AEF853 /* Manga.swift */; };
		00201C651E2E4E19000D3E0C /* ReleaseCoverLoadingViewCell.swift in Sources */ = {isa = PBXBuildFile; fileRef = 00201C641E2E4E19000D3E0C /* ReleaseCoverLoadingViewCell.swift */; };
		00201C671E2E61D7000D3E0C /* MangaSearchResult.swift in Sources */ = {isa = PBXBuildFile; fileRef = 00201C661E2E61D7000D3E0C /* MangaSearchResult.swift */; };
		00201C691E2E6B19000D3E0C /* MoreSearchResultsLoadingCell.swift in Sources */ = {isa = PBXBuildFile; fileRef = 00201C681E2E6B19000D3E0C /* MoreSearchResultsLoadingCell.swift */; };
		00201C6D1E2EBB03000D3E0C /* NoResultsFoundTableCell.swift in Sources */ = {isa = PBXBuildFile; fileRef = 00201C6C1E2EBB03000D3E0C /* NoResultsFoundTableCell.swift */; };
		00201C6F1E2EC8D7000D3E0C /* NSFW.png in Resources */ = {isa = PBXBuildFile; fileRef = 00201C6E1E2EC8D7000D3E0C /* NSFW.png */; };
		00201CA31E2F85AC000D3E0C /* sortByOrder.png in Resources */ = {isa = PBXBuildFile; fileRef = 00201CA11E2F85AC000D3E0C /* sortByOrder.png */; };
		00201CA41E2F85AC000D3E0C /* sortByOrder@2x.png in Resources */ = {isa = PBXBuildFile; fileRef = 00201CA21E2F85AC000D3E0C /* sortByOrder@2x.png */; };
		00201CA71E2F85B5000D3E0C /* sortByAlphabet.png in Resources */ = {isa = PBXBuildFile; fileRef = 00201CA51E2F85B5000D3E0C /* sortByAlphabet.png */; };
		00201CA81E2F85B5000D3E0C /* sortByAlphabet@2x.png in Resources */ = {isa = PBXBuildFile; fileRef = 00201CA61E2F85B5000D3E0C /* sortByAlphabet@2x.png */; };
		00201CAA1E2F97A5000D3E0C /* MangaUpdatesURLBuilder.swift in Sources */ = {isa = PBXBuildFile; fileRef = 00201CA91E2F97A5000D3E0C /* MangaUpdatesURLBuilder.swift */; };
		00201CAC1E2FC333000D3E0C /* MangaDetailViewContainerController.swift in Sources */ = {isa = PBXBuildFile; fileRef = 00201CAB1E2FC333000D3E0C /* MangaDetailViewContainerController.swift */; };
		00201CB01E2FCABA000D3E0C /* MangaDetailRecommendationsViewController.swift in Sources */ = {isa = PBXBuildFile; fileRef = 00201CAF1E2FCABA000D3E0C /* MangaDetailRecommendationsViewController.swift */; };
		004F5D091E660B7700BF258F /* CoverImagePopOverViewController.swift in Sources */ = {isa = PBXBuildFile; fileRef = 004F5D081E660B7700BF258F /* CoverImagePopOverViewController.swift */; };
		00D563F41DE08E0200014F58 /* AppDelegate.swift in Sources */ = {isa = PBXBuildFile; fileRef = 00D563F31DE08E0200014F58 /* AppDelegate.swift */; };
		00D563F61DE08E0200014F58 /* ViewController.swift in Sources */ = {isa = PBXBuildFile; fileRef = 00D563F51DE08E0200014F58 /* ViewController.swift */; };
		00D563F91DE08E0200014F58 /* Main.storyboard in Resources */ = {isa = PBXBuildFile; fileRef = 00D563F71DE08E0200014F58 /* Main.storyboard */; };
		00D563FB1DE08E0200014F58 /* Assets.xcassets in Resources */ = {isa = PBXBuildFile; fileRef = 00D563FA1DE08E0200014F58 /* Assets.xcassets */; };
		00D563FE1DE08E0200014F58 /* LaunchScreen.storyboard in Resources */ = {isa = PBXBuildFile; fileRef = 00D563FC1DE08E0200014F58 /* LaunchScreen.storyboard */; };
		00D564081DE098C600014F58 /* HomeViewController.swift in Sources */ = {isa = PBXBuildFile; fileRef = 00D564071DE098C600014F58 /* HomeViewController.swift */; };
		00EF09231DE0DFE800AFA3AB /* MangaCoverViewCell.swift in Sources */ = {isa = PBXBuildFile; fileRef = 00EF09221DE0DFE800AFA3AB /* MangaCoverViewCell.swift */; };
		00EF09341DE1E2ED00AFA3AB /* MangaCategoryViewCell.swift in Sources */ = {isa = PBXBuildFile; fileRef = 00EF09331DE1E2ED00AFA3AB /* MangaCategoryViewCell.swift */; };
		00EF09381DE23D0400AFA3AB /* MangaSearchResultsViewController.swift in Sources */ = {isa = PBXBuildFile; fileRef = 00EF09371DE23D0400AFA3AB /* MangaSearchResultsViewController.swift */; };
		00EF093A1DE2426C00AFA3AB /* SearchResultMangaTableCell.swift in Sources */ = {isa = PBXBuildFile; fileRef = 00EF09391DE2426C00AFA3AB /* SearchResultMangaTableCell.swift */; };
		00EF093D1DE248B600AFA3AB /* MangaDetailGeneralViewController.swift in Sources */ = {isa = PBXBuildFile; fileRef = 00EF093C1DE248B600AFA3AB /* MangaDetailGeneralViewController.swift */; };
		00EF093F1DE2546F00AFA3AB /* GenreIncludeExcludeTableCell.swift in Sources */ = {isa = PBXBuildFile; fileRef = 00EF093E1DE2546F00AFA3AB /* GenreIncludeExcludeTableCell.swift */; };
		00EF09411DE2567F00AFA3AB /* AdvancedSearchViewController.swift in Sources */ = {isa = PBXBuildFile; fileRef = 00EF09401DE2567F00AFA3AB /* AdvancedSearchViewController.swift */; };
		00FAF79A1DE504A800C22790 /* loading.jpg in Resources */ = {isa = PBXBuildFile; fileRef = 00FAF7991DE504A800C22790 /* loading.jpg */; };
		7F6D04C3E4E5E4C83652A2E4 /* Pods_ProjectiOS.framework in Frameworks */ = {isa = PBXBuildFile; fileRef = AE70F19104EC3C5BD1F49D90 /* Pods_ProjectiOS.framework */; };
/* End PBXBuildFile section */

/* Begin PBXFileReference section */
		00143D111DE4CD6000AEF853 /* MangaUpdatesAPI.swift */ = {isa = PBXFileReference; fileEncoding = 4; lastKnownFileType = sourcecode.swift; name = MangaUpdatesAPI.swift; path = Models/MangaUpdatesAPI.swift; sourceTree = "<group>"; };
		00143D131DE4D3ED00AEF853 /* Manga.swift */ = {isa = PBXFileReference; fileEncoding = 4; lastKnownFileType = sourcecode.swift; name = Manga.swift; path = Models/Manga.swift; sourceTree = "<group>"; };
		00201C641E2E4E19000D3E0C /* ReleaseCoverLoadingViewCell.swift */ = {isa = PBXFileReference; fileEncoding = 4; lastKnownFileType = sourcecode.swift; name = ReleaseCoverLoadingViewCell.swift; path = Views/ReleaseCoverLoadingViewCell.swift; sourceTree = "<group>"; };
		00201C661E2E61D7000D3E0C /* MangaSearchResult.swift */ = {isa = PBXFileReference; fileEncoding = 4; lastKnownFileType = sourcecode.swift; name = MangaSearchResult.swift; path = Models/MangaSearchResult.swift; sourceTree = "<group>"; };
		00201C681E2E6B19000D3E0C /* MoreSearchResultsLoadingCell.swift */ = {isa = PBXFileReference; fileEncoding = 4; lastKnownFileType = sourcecode.swift; name = MoreSearchResultsLoadingCell.swift; path = Views/MoreSearchResultsLoadingCell.swift; sourceTree = "<group>"; };
		00201C6C1E2EBB03000D3E0C /* NoResultsFoundTableCell.swift */ = {isa = PBXFileReference; fileEncoding = 4; lastKnownFileType = sourcecode.swift; name = NoResultsFoundTableCell.swift; path = Views/NoResultsFoundTableCell.swift; sourceTree = "<group>"; };
		00201C6E1E2EC8D7000D3E0C /* NSFW.png */ = {isa = PBXFileReference; lastKnownFileType = image.png; name = NSFW.png; path = Resources/NSFW.png; sourceTree = "<group>"; };
		00201CA11E2F85AC000D3E0C /* sortByOrder.png */ = {isa = PBXFileReference; lastKnownFileType = image.png; name = sortByOrder.png; path = Resources/sortByOrder/sortByOrder.png; sourceTree = "<group>"; };
		00201CA21E2F85AC000D3E0C /* sortByOrder@2x.png */ = {isa = PBXFileReference; lastKnownFileType = image.png; name = "sortByOrder@2x.png"; path = "Resources/sortByOrder/sortByOrder@2x.png"; sourceTree = "<group>"; };
		00201CA51E2F85B5000D3E0C /* sortByAlphabet.png */ = {isa = PBXFileReference; lastKnownFileType = image.png; name = sortByAlphabet.png; path = Resources/sortByAlphabet/sortByAlphabet.png; sourceTree = "<group>"; };
		00201CA61E2F85B5000D3E0C /* sortByAlphabet@2x.png */ = {isa = PBXFileReference; lastKnownFileType = image.png; name = "sortByAlphabet@2x.png"; path = "Resources/sortByAlphabet/sortByAlphabet@2x.png"; sourceTree = "<group>"; };
		00201CA91E2F97A5000D3E0C /* MangaUpdatesURLBuilder.swift */ = {isa = PBXFileReference; fileEncoding = 4; lastKnownFileType = sourcecode.swift; name = MangaUpdatesURLBuilder.swift; path = Models/MangaUpdatesURLBuilder.swift; sourceTree = "<group>"; };
		00201CAB1E2FC333000D3E0C /* MangaDetailViewContainerController.swift */ = {isa = PBXFileReference; fileEncoding = 4; lastKnownFileType = sourcecode.swift; path = MangaDetailViewContainerController.swift; sourceTree = "<group>"; };
		00201CAF1E2FCABA000D3E0C /* MangaDetailRecommendationsViewController.swift */ = {isa = PBXFileReference; fileEncoding = 4; lastKnownFileType = sourcecode.swift; path = MangaDetailRecommendationsViewController.swift; sourceTree = "<group>"; };
		004F5D081E660B7700BF258F /* CoverImagePopOverViewController.swift */ = {isa = PBXFileReference; fileEncoding = 4; lastKnownFileType = sourcecode.swift; path = CoverImagePopOverViewController.swift; sourceTree = "<group>"; };
		00D563F01DE08E0200014F58 /* ProjectiOS.app */ = {isa = PBXFileReference; explicitFileType = wrapper.application; includeInIndex = 0; path = ProjectiOS.app; sourceTree = BUILT_PRODUCTS_DIR; };
		00D563F31DE08E0200014F58 /* AppDelegate.swift */ = {isa = PBXFileReference; lastKnownFileType = sourcecode.swift; path = AppDelegate.swift; sourceTree = "<group>"; };
		00D563F51DE08E0200014F58 /* ViewController.swift */ = {isa = PBXFileReference; lastKnownFileType = sourcecode.swift; path = ViewController.swift; sourceTree = "<group>"; };
		00D563F81DE08E0200014F58 /* Base */ = {isa = PBXFileReference; lastKnownFileType = file.storyboard; name = Base; path = Base.lproj/Main.storyboard; sourceTree = "<group>"; };
		00D563FA1DE08E0200014F58 /* Assets.xcassets */ = {isa = PBXFileReference; lastKnownFileType = folder.assetcatalog; path = Assets.xcassets; sourceTree = "<group>"; };
		00D563FD1DE08E0200014F58 /* Base */ = {isa = PBXFileReference; lastKnownFileType = file.storyboard; name = Base; path = Base.lproj/LaunchScreen.storyboard; sourceTree = "<group>"; };
		00D563FF1DE08E0200014F58 /* Info.plist */ = {isa = PBXFileReference; lastKnownFileType = text.plist.xml; path = Info.plist; sourceTree = "<group>"; };
		00D564071DE098C600014F58 /* HomeViewController.swift */ = {isa = PBXFileReference; fileEncoding = 4; lastKnownFileType = sourcecode.swift; path = HomeViewController.swift; sourceTree = "<group>"; };
		00EF09221DE0DFE800AFA3AB /* MangaCoverViewCell.swift */ = {isa = PBXFileReference; fileEncoding = 4; lastKnownFileType = sourcecode.swift; name = MangaCoverViewCell.swift; path = Models/MangaCoverViewCell.swift; sourceTree = "<group>"; };
		00EF09331DE1E2ED00AFA3AB /* MangaCategoryViewCell.swift */ = {isa = PBXFileReference; fileEncoding = 4; lastKnownFileType = sourcecode.swift; name = MangaCategoryViewCell.swift; path = Models/MangaCategoryViewCell.swift; sourceTree = "<group>"; };
		00EF09371DE23D0400AFA3AB /* MangaSearchResultsViewController.swift */ = {isa = PBXFileReference; fileEncoding = 4; lastKnownFileType = sourcecode.swift; path = MangaSearchResultsViewController.swift; sourceTree = "<group>"; };
		00EF09391DE2426C00AFA3AB /* SearchResultMangaTableCell.swift */ = {isa = PBXFileReference; fileEncoding = 4; lastKnownFileType = sourcecode.swift; name = SearchResultMangaTableCell.swift; path = Models/SearchResultMangaTableCell.swift; sourceTree = "<group>"; };
		00EF093C1DE248B600AFA3AB /* MangaDetailGeneralViewController.swift */ = {isa = PBXFileReference; fileEncoding = 4; lastKnownFileType = sourcecode.swift; path = MangaDetailGeneralViewController.swift; sourceTree = "<group>"; };
		00EF093E1DE2546F00AFA3AB /* GenreIncludeExcludeTableCell.swift */ = {isa = PBXFileReference; fileEncoding = 4; lastKnownFileType = sourcecode.swift; name = GenreIncludeExcludeTableCell.swift; path = Views/GenreIncludeExcludeTableCell.swift; sourceTree = "<group>"; };
		00EF09401DE2567F00AFA3AB /* AdvancedSearchViewController.swift */ = {isa = PBXFileReference; fileEncoding = 4; lastKnownFileType = sourcecode.swift; path = AdvancedSearchViewController.swift; sourceTree = "<group>"; };
		00FAF7991DE504A800C22790 /* loading.jpg */ = {isa = PBXFileReference; lastKnownFileType = image.jpeg; name = loading.jpg; path = Resources/loading.jpg; sourceTree = "<group>"; };
		47824CCAE63E1C9A268D33C4 /* Pods-ProjectiOS.release.xcconfig */ = {isa = PBXFileReference; includeInIndex = 1; lastKnownFileType = text.xcconfig; name = "Pods-ProjectiOS.release.xcconfig"; path = "Pods/Target Support Files/Pods-ProjectiOS/Pods-ProjectiOS.release.xcconfig"; sourceTree = "<group>"; };
		AE70F19104EC3C5BD1F49D90 /* Pods_ProjectiOS.framework */ = {isa = PBXFileReference; explicitFileType = wrapper.framework; includeInIndex = 0; path = Pods_ProjectiOS.framework; sourceTree = BUILT_PRODUCTS_DIR; };
		FCFC3AED81D2A3490A8657A9 /* Pods-ProjectiOS.debug.xcconfig */ = {isa = PBXFileReference; includeInIndex = 1; lastKnownFileType = text.xcconfig; name = "Pods-ProjectiOS.debug.xcconfig"; path = "Pods/Target Support Files/Pods-ProjectiOS/Pods-ProjectiOS.debug.xcconfig"; sourceTree = "<group>"; };
/* End PBXFileReference section */

/* Begin PBXFrameworksBuildPhase section */
		00D563ED1DE08E0200014F58 /* Frameworks */ = {
			isa = PBXFrameworksBuildPhase;
			buildActionMask = 2147483647;
			files = (
				7F6D04C3E4E5E4C83652A2E4 /* Pods_ProjectiOS.framework in Frameworks */,
			);
			runOnlyForDeploymentPostprocessing = 0;
		};
/* End PBXFrameworksBuildPhase section */

/* Begin PBXGroup section */
		00201C9F1E2F8594000D3E0C /* sortByAlphabet */ = {
			isa = PBXGroup;
			children = (
				00201CA51E2F85B5000D3E0C /* sortByAlphabet.png */,
				00201CA61E2F85B5000D3E0C /* sortByAlphabet@2x.png */,
			);
			name = sortByAlphabet;
			sourceTree = "<group>";
		};
		00201CA01E2F859E000D3E0C /* sortByOrder */ = {
			isa = PBXGroup;
			children = (
				00201CA11E2F85AC000D3E0C /* sortByOrder.png */,
				00201CA21E2F85AC000D3E0C /* sortByOrder@2x.png */,
			);
			name = sortByOrder;
			sourceTree = "<group>";
		};
		00D563E71DE08E0200014F58 = {
			isa = PBXGroup;
			children = (
				00D563F21DE08E0200014F58 /* ProjectiOS */,
				00D563F11DE08E0200014F58 /* Products */,
				912E64FB4A599836DFA4DE24 /* Pods */,
				1F15ED16C1EDA21700025263 /* Frameworks */,
			);
			sourceTree = "<group>";
		};
		00D563F11DE08E0200014F58 /* Products */ = {
			isa = PBXGroup;
			children = (
				00D563F01DE08E0200014F58 /* ProjectiOS.app */,
			);
			name = Products;
			sourceTree = "<group>";
		};
		00D563F21DE08E0200014F58 /* ProjectiOS */ = {
			isa = PBXGroup;
			children = (
				00EF093B1DE2445000AFA3AB /* Views */,
				00EF09241DE0F34300AFA3AB /* Resources */,
				00D564061DE0989900014F58 /* Models */,
				00D564051DE0988900014F58 /* Controllers */,
				00D563F31DE08E0200014F58 /* AppDelegate.swift */,
				00D563F51DE08E0200014F58 /* ViewController.swift */,
				00D563F71DE08E0200014F58 /* Main.storyboard */,
				00D563FA1DE08E0200014F58 /* Assets.xcassets */,
				00D563FC1DE08E0200014F58 /* LaunchScreen.storyboard */,
				00D563FF1DE08E0200014F58 /* Info.plist */,
			);
			path = ProjectiOS;
			sourceTree = "<group>";
		};
		00D564051DE0988900014F58 /* Controllers */ = {
			isa = PBXGroup;
			children = (
				00D564071DE098C600014F58 /* HomeViewController.swift */,
				00EF09371DE23D0400AFA3AB /* MangaSearchResultsViewController.swift */,
				00EF093C1DE248B600AFA3AB /* MangaDetailGeneralViewController.swift */,
				00EF09401DE2567F00AFA3AB /* AdvancedSearchViewController.swift */,
				00201CAB1E2FC333000D3E0C /* MangaDetailViewContainerController.swift */,
				00201CAF1E2FCABA000D3E0C /* MangaDetailRecommendationsViewController.swift */,
				004F5D081E660B7700BF258F /* CoverImagePopOverViewController.swift */,
			);
			name = Controllers;
			sourceTree = "<group>";
		};
		00D564061DE0989900014F58 /* Models */ = {
			isa = PBXGroup;
			children = (
				00143D131DE4D3ED00AEF853 /* Manga.swift */,
				00143D111DE4CD6000AEF853 /* MangaUpdatesAPI.swift */,
				00201C661E2E61D7000D3E0C /* MangaSearchResult.swift */,
				00201CA91E2F97A5000D3E0C /* MangaUpdatesURLBuilder.swift */,
			);
			name = Models;
			sourceTree = "<group>";
		};
		00EF09241DE0F34300AFA3AB /* Resources */ = {
			isa = PBXGroup;
			children = (
				00201CA01E2F859E000D3E0C /* sortByOrder */,
				00201C9F1E2F8594000D3E0C /* sortByAlphabet */,
				00201C6E1E2EC8D7000D3E0C /* NSFW.png */,
				00FAF7991DE504A800C22790 /* loading.jpg */,
			);
			name = Resources;
			sourceTree = "<group>";
		};
		00EF093B1DE2445000AFA3AB /* Views */ = {
			isa = PBXGroup;
			children = (
				00EF09221DE0DFE800AFA3AB /* MangaCoverViewCell.swift */,
				00EF09331DE1E2ED00AFA3AB /* MangaCategoryViewCell.swift */,
				00EF09391DE2426C00AFA3AB /* SearchResultMangaTableCell.swift */,
				00EF093E1DE2546F00AFA3AB /* GenreIncludeExcludeTableCell.swift */,
				00201C641E2E4E19000D3E0C /* ReleaseCoverLoadingViewCell.swift */,
				00201C681E2E6B19000D3E0C /* MoreSearchResultsLoadingCell.swift */,
				00201C6C1E2EBB03000D3E0C /* NoResultsFoundTableCell.swift */,
			);
			name = Views;
			sourceTree = "<group>";
		};
		1F15ED16C1EDA21700025263 /* Frameworks */ = {
			isa = PBXGroup;
			children = (
				AE70F19104EC3C5BD1F49D90 /* Pods_ProjectiOS.framework */,
			);
			name = Frameworks;
			sourceTree = "<group>";
		};
		912E64FB4A599836DFA4DE24 /* Pods */ = {
			isa = PBXGroup;
			children = (
				FCFC3AED81D2A3490A8657A9 /* Pods-ProjectiOS.debug.xcconfig */,
				47824CCAE63E1C9A268D33C4 /* Pods-ProjectiOS.release.xcconfig */,
			);
			name = Pods;
			sourceTree = "<group>";
		};
/* End PBXGroup section */

/* Begin PBXNativeTarget section */
		00D563EF1DE08E0200014F58 /* ProjectiOS */ = {
			isa = PBXNativeTarget;
			buildConfigurationList = 00D564021DE08E0200014F58 /* Build configuration list for PBXNativeTarget "ProjectiOS" */;
			buildPhases = (
				4D079DE43B355C98DA18C01C /* [CP] Check Pods Manifest.lock */,
				00D563EC1DE08E0200014F58 /* Sources */,
				00D563ED1DE08E0200014F58 /* Frameworks */,
				00D563EE1DE08E0200014F58 /* Resources */,
				A81CC18341B84F8DDB6B1F31 /* [CP] Embed Pods Frameworks */,
				6D919D98EC2F52CEA6BD4E9B /* [CP] Copy Pods Resources */,
			);
			buildRules = (
			);
			dependencies = (
			);
			name = ProjectiOS;
			productName = ProjectiOS;
			productReference = 00D563F01DE08E0200014F58 /* ProjectiOS.app */;
			productType = "com.apple.product-type.application";
		};
/* End PBXNativeTarget section */

/* Begin PBXProject section */
		00D563E81DE08E0200014F58 /* Project object */ = {
			isa = PBXProject;
			attributes = {
				LastSwiftUpdateCheck = 0810;
				LastUpgradeCheck = 0820;
				ORGANIZATIONNAME = Anthony;
				TargetAttributes = {
					00D563EF1DE08E0200014F58 = {
						CreatedOnToolsVersion = 8.1;
						ProvisioningStyle = Automatic;
					};
				};
			};
			buildConfigurationList = 00D563EB1DE08E0200014F58 /* Build configuration list for PBXProject "ProjectiOS" */;
			compatibilityVersion = "Xcode 3.2";
			developmentRegion = English;
			hasScannedForEncodings = 0;
			knownRegions = (
				en,
				Base,
			);
			mainGroup = 00D563E71DE08E0200014F58;
			productRefGroup = 00D563F11DE08E0200014F58 /* Products */;
			projectDirPath = "";
			projectRoot = "";
			targets = (
				00D563EF1DE08E0200014F58 /* ProjectiOS */,
			);
		};
/* End PBXProject section */

/* Begin PBXResourcesBuildPhase section */
		00D563EE1DE08E0200014F58 /* Resources */ = {
			isa = PBXResourcesBuildPhase;
			buildActionMask = 2147483647;
			files = (
				00D563FE1DE08E0200014F58 /* LaunchScreen.storyboard in Resources */,
				00201CA71E2F85B5000D3E0C /* sortByAlphabet.png in Resources */,
				00201CA41E2F85AC000D3E0C /* sortByOrder@2x.png in Resources */,
				00201CA31E2F85AC000D3E0C /* sortByOrder.png in Resources */,
				00D563FB1DE08E0200014F58 /* Assets.xcassets in Resources */,
				00201C6F1E2EC8D7000D3E0C /* NSFW.png in Resources */,
				00FAF79A1DE504A800C22790 /* loading.jpg in Resources */,
				00D563F91DE08E0200014F58 /* Main.storyboard in Resources */,
				00201CA81E2F85B5000D3E0C /* sortByAlphabet@2x.png in Resources */,
			);
			runOnlyForDeploymentPostprocessing = 0;
		};
/* End PBXResourcesBuildPhase section */

/* Begin PBXShellScriptBuildPhase section */
		4D079DE43B355C98DA18C01C /* [CP] Check Pods Manifest.lock */ = {
			isa = PBXShellScriptBuildPhase;
			buildActionMask = 2147483647;
			files = (
			);
			inputPaths = (
			);
			name = "[CP] Check Pods Manifest.lock";
			outputPaths = (
			);
			runOnlyForDeploymentPostprocessing = 0;
			shellPath = /bin/sh;
			shellScript = "diff \"${PODS_ROOT}/../Podfile.lock\" \"${PODS_ROOT}/Manifest.lock\" > /dev/null\nif [ $? != 0 ] ; then\n    # print error to STDERR\n    echo \"error: The sandbox is not in sync with the Podfile.lock. Run 'pod install' or update your CocoaPods installation.\" >&2\n    exit 1\nfi\n";
			showEnvVarsInLog = 0;
		};
		6D919D98EC2F52CEA6BD4E9B /* [CP] Copy Pods Resources */ = {
			isa = PBXShellScriptBuildPhase;
			buildActionMask = 2147483647;
			files = (
			);
			inputPaths = (
			);
			name = "[CP] Copy Pods Resources";
			outputPaths = (
			);
			runOnlyForDeploymentPostprocessing = 0;
			shellPath = /bin/sh;
			shellScript = "\"${SRCROOT}/Pods/Target Support Files/Pods-ProjectiOS/Pods-ProjectiOS-resources.sh\"\n";
			showEnvVarsInLog = 0;
		};
		A81CC18341B84F8DDB6B1F31 /* [CP] Embed Pods Frameworks */ = {
			isa = PBXShellScriptBuildPhase;
			buildActionMask = 2147483647;
			files = (
			);
			inputPaths = (
			);
			name = "[CP] Embed Pods Frameworks";
			outputPaths = (
			);
			runOnlyForDeploymentPostprocessing = 0;
			shellPath = /bin/sh;
			shellScript = "\"${SRCROOT}/Pods/Target Support Files/Pods-ProjectiOS/Pods-ProjectiOS-frameworks.sh\"\n";
			showEnvVarsInLog = 0;
		};
/* End PBXShellScriptBuildPhase section */

/* Begin PBXSourcesBuildPhase section */
		00D563EC1DE08E0200014F58 /* Sources */ = {
			isa = PBXSourcesBuildPhase;
			buildActionMask = 2147483647;
			files = (
				004F5D091E660B7700BF258F /* CoverImagePopOverViewController.swift in Sources */,
				00143D121DE4CD6000AEF853 /* MangaUpdatesAPI.swift in Sources */,
				00201C651E2E4E19000D3E0C /* ReleaseCoverLoadingViewCell.swift in Sources */,
				00EF093D1DE248B600AFA3AB /* MangaDetailGeneralViewController.swift in Sources */,
				00201C671E2E61D7000D3E0C /* MangaSearchResult.swift in Sources */,
				00201CAC1E2FC333000D3E0C /* MangaDetailViewContainerController.swift in Sources */,
				00D563F61DE08E0200014F58 /* ViewController.swift in Sources */,
				00EF09231DE0DFE800AFA3AB /* MangaCoverViewCell.swift in Sources */,
				00201CB01E2FCABA000D3E0C /* MangaDetailRecommendationsViewController.swift in Sources */,
				00EF09381DE23D0400AFA3AB /* MangaSearchResultsViewController.swift in Sources */,
				00EF09411DE2567F00AFA3AB /* AdvancedSearchViewController.swift in Sources */,
				00143D141DE4D3ED00AEF853 /* Manga.swift in Sources */,
				00201C6D1E2EBB03000D3E0C /* NoResultsFoundTableCell.swift in Sources */,
				00D563F41DE08E0200014F58 /* AppDelegate.swift in Sources */,
				00EF093A1DE2426C00AFA3AB /* SearchResultMangaTableCell.swift in Sources */,
				00EF09341DE1E2ED00AFA3AB /* MangaCategoryViewCell.swift in Sources */,
				00EF093F1DE2546F00AFA3AB /* GenreIncludeExcludeTableCell.swift in Sources */,
				00201C691E2E6B19000D3E0C /* MoreSearchResultsLoadingCell.swift in Sources */,
				00D564081DE098C600014F58 /* HomeViewController.swift in Sources */,
				00201CAA1E2F97A5000D3E0C /* MangaUpdatesURLBuilder.swift in Sources */,
			);
			runOnlyForDeploymentPostprocessing = 0;
		};
/* End PBXSourcesBuildPhase section */

/* Begin PBXVariantGroup section */
		00D563F71DE08E0200014F58 /* Main.storyboard */ = {
			isa = PBXVariantGroup;
			children = (
				00D563F81DE08E0200014F58 /* Base */,
			);
			name = Main.storyboard;
			sourceTree = "<group>";
		};
		00D563FC1DE08E0200014F58 /* LaunchScreen.storyboard */ = {
			isa = PBXVariantGroup;
			children = (
				00D563FD1DE08E0200014F58 /* Base */,
			);
			name = LaunchScreen.storyboard;
			sourceTree = "<group>";
		};
/* End PBXVariantGroup section */

/* Begin XCBuildConfiguration section */
		00D564001DE08E0200014F58 /* Debug */ = {
			isa = XCBuildConfiguration;
			buildSettings = {
				ALWAYS_SEARCH_USER_PATHS = NO;
				CLANG_ANALYZER_NONNULL = YES;
				CLANG_CXX_LANGUAGE_STANDARD = "gnu++0x";
				CLANG_CXX_LIBRARY = "libc++";
				CLANG_ENABLE_MODULES = YES;
				CLANG_ENABLE_OBJC_ARC = YES;
				CLANG_WARN_BOOL_CONVERSION = YES;
				CLANG_WARN_CONSTANT_CONVERSION = YES;
				CLANG_WARN_DIRECT_OBJC_ISA_USAGE = YES_ERROR;
				CLANG_WARN_DOCUMENTATION_COMMENTS = YES;
				CLANG_WARN_EMPTY_BODY = YES;
				CLANG_WARN_ENUM_CONVERSION = YES;
				CLANG_WARN_INFINITE_RECURSION = YES;
				CLANG_WARN_INT_CONVERSION = YES;
				CLANG_WARN_OBJC_ROOT_CLASS = YES_ERROR;
				CLANG_WARN_SUSPICIOUS_MOVE = YES;
				CLANG_WARN_SUSPICIOUS_MOVES = YES;
				CLANG_WARN_UNREACHABLE_CODE = YES;
				CLANG_WARN__DUPLICATE_METHOD_MATCH = YES;
				"CODE_SIGN_IDENTITY[sdk=iphoneos*]" = "iPhone Developer";
				COPY_PHASE_STRIP = NO;
				DEBUG_INFORMATION_FORMAT = dwarf;
				ENABLE_STRICT_OBJC_MSGSEND = YES;
				ENABLE_TESTABILITY = YES;
				GCC_C_LANGUAGE_STANDARD = gnu99;
				GCC_DYNAMIC_NO_PIC = NO;
				GCC_NO_COMMON_BLOCKS = YES;
				GCC_OPTIMIZATION_LEVEL = 0;
				GCC_PREPROCESSOR_DEFINITIONS = (
					"DEBUG=1",
					"$(inherited)",
				);
				GCC_WARN_64_TO_32_BIT_CONVERSION = YES;
				GCC_WARN_ABOUT_RETURN_TYPE = YES_ERROR;
				GCC_WARN_UNDECLARED_SELECTOR = YES;
				GCC_WARN_UNINITIALIZED_AUTOS = YES_AGGRESSIVE;
				GCC_WARN_UNUSED_FUNCTION = YES;
				GCC_WARN_UNUSED_VARIABLE = YES;
				IPHONEOS_DEPLOYMENT_TARGET = 10.1;
				MTL_ENABLE_DEBUG_INFO = YES;
				ONLY_ACTIVE_ARCH = YES;
				SDKROOT = iphoneos;
				SWIFT_ACTIVE_COMPILATION_CONDITIONS = DEBUG;
				SWIFT_OPTIMIZATION_LEVEL = "-Onone";
				TARGETED_DEVICE_FAMILY = "1,2";
			};
			name = Debug;
		};
		00D564011DE08E0200014F58 /* Release */ = {
			isa = XCBuildConfiguration;
			buildSettings = {
				ALWAYS_SEARCH_USER_PATHS = NO;
				CLANG_ANALYZER_NONNULL = YES;
				CLANG_CXX_LANGUAGE_STANDARD = "gnu++0x";
				CLANG_CXX_LIBRARY = "libc++";
				CLANG_ENABLE_MODULES = YES;
				CLANG_ENABLE_OBJC_ARC = YES;
				CLANG_WARN_BOOL_CONVERSION = YES;
				CLANG_WARN_CONSTANT_CONVERSION = YES;
				CLANG_WARN_DIRECT_OBJC_ISA_USAGE = YES_ERROR;
				CLANG_WARN_DOCUMENTATION_COMMENTS = YES;
				CLANG_WARN_EMPTY_BODY = YES;
				CLANG_WARN_ENUM_CONVERSION = YES;
				CLANG_WARN_INFINITE_RECURSION = YES;
				CLANG_WARN_INT_CONVERSION = YES;
				CLANG_WARN_OBJC_ROOT_CLASS = YES_ERROR;
				CLANG_WARN_SUSPICIOUS_MOVE = YES;
				CLANG_WARN_SUSPICIOUS_MOVES = YES;
				CLANG_WARN_UNREACHABLE_CODE = YES;
				CLANG_WARN__DUPLICATE_METHOD_MATCH = YES;
				"CODE_SIGN_IDENTITY[sdk=iphoneos*]" = "iPhone Developer";
				COPY_PHASE_STRIP = NO;
				DEBUG_INFORMATION_FORMAT = "dwarf-with-dsym";
				ENABLE_NS_ASSERTIONS = NO;
				ENABLE_STRICT_OBJC_MSGSEND = YES;
				GCC_C_LANGUAGE_STANDARD = gnu99;
				GCC_NO_COMMON_BLOCKS = YES;
				GCC_WARN_64_TO_32_BIT_CONVERSION = YES;
				GCC_WARN_ABOUT_RETURN_TYPE = YES_ERROR;
				GCC_WARN_UNDECLARED_SELECTOR = YES;
				GCC_WARN_UNINITIALIZED_AUTOS = YES_AGGRESSIVE;
				GCC_WARN_UNUSED_FUNCTION = YES;
				GCC_WARN_UNUSED_VARIABLE = YES;
				IPHONEOS_DEPLOYMENT_TARGET = 10.1;
				MTL_ENABLE_DEBUG_INFO = NO;
				SDKROOT = iphoneos;
				SWIFT_OPTIMIZATION_LEVEL = "-Owholemodule";
				TARGETED_DEVICE_FAMILY = "1,2";
				VALIDATE_PRODUCT = YES;
			};
			name = Release;
		};
		00D564031DE08E0200014F58 /* Debug */ = {
			isa = XCBuildConfiguration;
			baseConfigurationReference = FCFC3AED81D2A3490A8657A9 /* Pods-ProjectiOS.debug.xcconfig */;
			buildSettings = {
				ASSETCATALOG_COMPILER_APPICON_NAME = AppIcon;
				INFOPLIST_FILE = ProjectiOS/Info.plist;
				LD_RUNPATH_SEARCH_PATHS = "$(inherited) @executable_path/Frameworks";
				PRODUCT_BUNDLE_IDENTIFIER = AnthonyBaert.ProjectiOS;
				PRODUCT_NAME = "$(TARGET_NAME)";
				SWIFT_VERSION = 3.0;
			};
			name = Debug;
		};
		00D564041DE08E0200014F58 /* Release */ = {
			isa = XCBuildConfiguration;
			baseConfigurationReference = 47824CCAE63E1C9A268D33C4 /* Pods-ProjectiOS.release.xcconfig */;
			buildSettings = {
				ASSETCATALOG_COMPILER_APPICON_NAME = AppIcon;
				INFOPLIST_FILE = ProjectiOS/Info.plist;
				LD_RUNPATH_SEARCH_PATHS = "$(inherited) @executable_path/Frameworks";
				PRODUCT_BUNDLE_IDENTIFIER = AnthonyBaert.ProjectiOS;
				PRODUCT_NAME = "$(TARGET_NAME)";
				SWIFT_VERSION = 3.0;
			};
			name = Release;
		};
/* End XCBuildConfiguration section */

/* Begin XCConfigurationList section */
		00D563EB1DE08E0200014F58 /* Build configuration list for PBXProject "ProjectiOS" */ = {
			isa = XCConfigurationList;
			buildConfigurations = (
				00D564001DE08E0200014F58 /* Debug */,
				00D564011DE08E0200014F58 /* Release */,
			);
			defaultConfigurationIsVisible = 0;
			defaultConfigurationName = Release;
		};
		00D564021DE08E0200014F58 /* Build configuration list for PBXNativeTarget "ProjectiOS" */ = {
			isa = XCConfigurationList;
			buildConfigurations = (
				00D564031DE08E0200014F58 /* Debug */,
				00D564041DE08E0200014F58 /* Release */,
			);
			defaultConfigurationIsVisible = 0;
			defaultConfigurationName = Release;
		};
/* End XCConfigurationList section */
	};
	rootObject = 00D563E81DE08E0200014F58 /* Project object */;
}
