// !$*UTF8*$!
{
	archiveVersion = 1;
	classes = {
	};
	objectVersion = 46;
	objects = {

/* Begin PBXBuildFile section */
		00D563F41DE08E0200014F58 /* AppDelegate.swift in Sources */ = {isa = PBXBuildFile; fileRef = 00D563F31DE08E0200014F58 /* AppDelegate.swift */; };
		00D563F61DE08E0200014F58 /* ViewController.swift in Sources */ = {isa = PBXBuildFile; fileRef = 00D563F51DE08E0200014F58 /* ViewController.swift */; };
		00D563F91DE08E0200014F58 /* Main.storyboard in Resources */ = {isa = PBXBuildFile; fileRef = 00D563F71DE08E0200014F58 /* Main.storyboard */; };
		00D563FB1DE08E0200014F58 /* Assets.xcassets in Resources */ = {isa = PBXBuildFile; fileRef = 00D563FA1DE08E0200014F58 /* Assets.xcassets */; };
		00D563FE1DE08E0200014F58 /* LaunchScreen.storyboard in Resources */ = {isa = PBXBuildFile; fileRef = 00D563FC1DE08E0200014F58 /* LaunchScreen.storyboard */; };
		00D564081DE098C600014F58 /* HomeViewController.swift in Sources */ = {isa = PBXBuildFile; fileRef = 00D564071DE098C600014F58 /* HomeViewController.swift */; };
		00EF09231DE0DFE800AFA3AB /* MangaCoverViewCell.swift in Sources */ = {isa = PBXBuildFile; fileRef = 00EF09221DE0DFE800AFA3AB /* MangaCoverViewCell.swift */; };
		00EF092A1DE0F35300AFA3AB /* blueExorcist.jpg in Resources */ = {isa = PBXBuildFile; fileRef = 00EF09251DE0F35300AFA3AB /* blueExorcist.jpg */; };
		00EF092B1DE0F35300AFA3AB /* kimiNoIruMachi.jpg in Resources */ = {isa = PBXBuildFile; fileRef = 00EF09261DE0F35300AFA3AB /* kimiNoIruMachi.jpg */; };
		00EF092C1DE0F35300AFA3AB /* GECover in Resources */ = {isa = PBXBuildFile; fileRef = 00EF09271DE0F35300AFA3AB /* GECover */; };
		00EF092D1DE0F35300AFA3AB /* nisekoi.jpg in Resources */ = {isa = PBXBuildFile; fileRef = 00EF09281DE0F35300AFA3AB /* nisekoi.jpg */; };
		00EF092E1DE0F35300AFA3AB /* aracna.jpg in Resources */ = {isa = PBXBuildFile; fileRef = 00EF09291DE0F35300AFA3AB /* aracna.jpg */; };
		00EF09341DE1E2ED00AFA3AB /* MangaCategoryViewCell.swift in Sources */ = {isa = PBXBuildFile; fileRef = 00EF09331DE1E2ED00AFA3AB /* MangaCategoryViewCell.swift */; };
		00EF09381DE23D0400AFA3AB /* MangaSearchResultsViewController.swift in Sources */ = {isa = PBXBuildFile; fileRef = 00EF09371DE23D0400AFA3AB /* MangaSearchResultsViewController.swift */; };
		00EF093A1DE2426C00AFA3AB /* SearchResultMangaTableCell.swift in Sources */ = {isa = PBXBuildFile; fileRef = 00EF09391DE2426C00AFA3AB /* SearchResultMangaTableCell.swift */; };
		00EF093D1DE248B600AFA3AB /* MangaDetailViewController.swift in Sources */ = {isa = PBXBuildFile; fileRef = 00EF093C1DE248B600AFA3AB /* MangaDetailViewController.swift */; };
		00EF093F1DE2546F00AFA3AB /* GenreIncludeExcludeTableCell.swift in Sources */ = {isa = PBXBuildFile; fileRef = 00EF093E1DE2546F00AFA3AB /* GenreIncludeExcludeTableCell.swift */; };
/* End PBXBuildFile section */

/* Begin PBXFileReference section */
		00D563F01DE08E0200014F58 /* ProjectiOS.app */ = {isa = PBXFileReference; explicitFileType = wrapper.application; includeInIndex = 0; path = ProjectiOS.app; sourceTree = BUILT_PRODUCTS_DIR; };
		00D563F31DE08E0200014F58 /* AppDelegate.swift */ = {isa = PBXFileReference; lastKnownFileType = sourcecode.swift; path = AppDelegate.swift; sourceTree = "<group>"; };
		00D563F51DE08E0200014F58 /* ViewController.swift */ = {isa = PBXFileReference; lastKnownFileType = sourcecode.swift; path = ViewController.swift; sourceTree = "<group>"; };
		00D563F81DE08E0200014F58 /* Base */ = {isa = PBXFileReference; lastKnownFileType = file.storyboard; name = Base; path = Base.lproj/Main.storyboard; sourceTree = "<group>"; };
		00D563FA1DE08E0200014F58 /* Assets.xcassets */ = {isa = PBXFileReference; lastKnownFileType = folder.assetcatalog; path = Assets.xcassets; sourceTree = "<group>"; };
		00D563FD1DE08E0200014F58 /* Base */ = {isa = PBXFileReference; lastKnownFileType = file.storyboard; name = Base; path = Base.lproj/LaunchScreen.storyboard; sourceTree = "<group>"; };
		00D563FF1DE08E0200014F58 /* Info.plist */ = {isa = PBXFileReference; lastKnownFileType = text.plist.xml; path = Info.plist; sourceTree = "<group>"; };
		00D564071DE098C600014F58 /* HomeViewController.swift */ = {isa = PBXFileReference; fileEncoding = 4; lastKnownFileType = sourcecode.swift; path = HomeViewController.swift; sourceTree = "<group>"; };
		00EF09221DE0DFE800AFA3AB /* MangaCoverViewCell.swift */ = {isa = PBXFileReference; fileEncoding = 4; lastKnownFileType = sourcecode.swift; name = MangaCoverViewCell.swift; path = Models/MangaCoverViewCell.swift; sourceTree = "<group>"; };
		00EF09251DE0F35300AFA3AB /* blueExorcist.jpg */ = {isa = PBXFileReference; lastKnownFileType = image.jpeg; name = blueExorcist.jpg; path = Resources/blueExorcist.jpg; sourceTree = "<group>"; };
		00EF09261DE0F35300AFA3AB /* kimiNoIruMachi.jpg */ = {isa = PBXFileReference; lastKnownFileType = image.jpeg; name = kimiNoIruMachi.jpg; path = Resources/kimiNoIruMachi.jpg; sourceTree = "<group>"; };
		00EF09271DE0F35300AFA3AB /* GECover */ = {isa = PBXFileReference; lastKnownFileType = file; name = GECover; path = Resources/GECover; sourceTree = "<group>"; };
		00EF09281DE0F35300AFA3AB /* nisekoi.jpg */ = {isa = PBXFileReference; lastKnownFileType = image.jpeg; name = nisekoi.jpg; path = Resources/nisekoi.jpg; sourceTree = "<group>"; };
		00EF09291DE0F35300AFA3AB /* aracna.jpg */ = {isa = PBXFileReference; lastKnownFileType = image.jpeg; name = aracna.jpg; path = Resources/aracna.jpg; sourceTree = "<group>"; };
		00EF09331DE1E2ED00AFA3AB /* MangaCategoryViewCell.swift */ = {isa = PBXFileReference; fileEncoding = 4; lastKnownFileType = sourcecode.swift; name = MangaCategoryViewCell.swift; path = Models/MangaCategoryViewCell.swift; sourceTree = "<group>"; };
		00EF09371DE23D0400AFA3AB /* MangaSearchResultsViewController.swift */ = {isa = PBXFileReference; fileEncoding = 4; lastKnownFileType = sourcecode.swift; path = MangaSearchResultsViewController.swift; sourceTree = "<group>"; };
		00EF09391DE2426C00AFA3AB /* SearchResultMangaTableCell.swift */ = {isa = PBXFileReference; fileEncoding = 4; lastKnownFileType = sourcecode.swift; name = SearchResultMangaTableCell.swift; path = Models/SearchResultMangaTableCell.swift; sourceTree = "<group>"; };
		00EF093C1DE248B600AFA3AB /* MangaDetailViewController.swift */ = {isa = PBXFileReference; fileEncoding = 4; lastKnownFileType = sourcecode.swift; path = MangaDetailViewController.swift; sourceTree = "<group>"; };
		00EF093E1DE2546F00AFA3AB /* GenreIncludeExcludeTableCell.swift */ = {isa = PBXFileReference; fileEncoding = 4; lastKnownFileType = sourcecode.swift; name = GenreIncludeExcludeTableCell.swift; path = Views/GenreIncludeExcludeTableCell.swift; sourceTree = "<group>"; };
/* End PBXFileReference section */

/* Begin PBXFrameworksBuildPhase section */
		00D563ED1DE08E0200014F58 /* Frameworks */ = {
			isa = PBXFrameworksBuildPhase;
			buildActionMask = 2147483647;
			files = (
			);
			runOnlyForDeploymentPostprocessing = 0;
		};
/* End PBXFrameworksBuildPhase section */

/* Begin PBXGroup section */
		00D563E71DE08E0200014F58 = {
			isa = PBXGroup;
			children = (
				00D563F21DE08E0200014F58 /* ProjectiOS */,
				00D563F11DE08E0200014F58 /* Products */,
			);
			sourceTree = "<group>";
		};
		00D563F11DE08E0200014F58 /* Products */ = {
			isa = PBXGroup;
			children = (
				00D563F01DE08E0200014F58 /* ProjectiOS.app */,
			);
			name = Products;
			sourceTree = "<group>";
		};
		00D563F21DE08E0200014F58 /* ProjectiOS */ = {
			isa = PBXGroup;
			children = (
				00EF093B1DE2445000AFA3AB /* Views */,
				00EF09241DE0F34300AFA3AB /* Resources */,
				00D564061DE0989900014F58 /* Models */,
				00D564051DE0988900014F58 /* Controllers */,
				00D563F31DE08E0200014F58 /* AppDelegate.swift */,
				00D563F51DE08E0200014F58 /* ViewController.swift */,
				00D563F71DE08E0200014F58 /* Main.storyboard */,
				00D563FA1DE08E0200014F58 /* Assets.xcassets */,
				00D563FC1DE08E0200014F58 /* LaunchScreen.storyboard */,
				00D563FF1DE08E0200014F58 /* Info.plist */,
			);
			path = ProjectiOS;
			sourceTree = "<group>";
		};
		00D564051DE0988900014F58 /* Controllers */ = {
			isa = PBXGroup;
			children = (
				00D564071DE098C600014F58 /* HomeViewController.swift */,
				00EF09371DE23D0400AFA3AB /* MangaSearchResultsViewController.swift */,
				00EF093C1DE248B600AFA3AB /* MangaDetailViewController.swift */,
			);
			name = Controllers;
			sourceTree = "<group>";
		};
		00D564061DE0989900014F58 /* Models */ = {
			isa = PBXGroup;
			children = (
			);
			name = Models;
			sourceTree = "<group>";
		};
		00EF09241DE0F34300AFA3AB /* Resources */ = {
			isa = PBXGroup;
			children = (
				00EF09251DE0F35300AFA3AB /* blueExorcist.jpg */,
				00EF09261DE0F35300AFA3AB /* kimiNoIruMachi.jpg */,
				00EF09271DE0F35300AFA3AB /* GECover */,
				00EF09281DE0F35300AFA3AB /* nisekoi.jpg */,
				00EF09291DE0F35300AFA3AB /* aracna.jpg */,
			);
			name = Resources;
			sourceTree = "<group>";
		};
		00EF093B1DE2445000AFA3AB /* Views */ = {
			isa = PBXGroup;
			children = (
				00EF09221DE0DFE800AFA3AB /* MangaCoverViewCell.swift */,
				00EF09331DE1E2ED00AFA3AB /* MangaCategoryViewCell.swift */,
				00EF09391DE2426C00AFA3AB /* SearchResultMangaTableCell.swift */,
				00EF093E1DE2546F00AFA3AB /* GenreIncludeExcludeTableCell.swift */,
			);
			name = Views;
			sourceTree = "<group>";
		};
/* End PBXGroup section */

/* Begin PBXNativeTarget section */
		00D563EF1DE08E0200014F58 /* ProjectiOS */ = {
			isa = PBXNativeTarget;
			buildConfigurationList = 00D564021DE08E0200014F58 /* Build configuration list for PBXNativeTarget "ProjectiOS" */;
			buildPhases = (
				00D563EC1DE08E0200014F58 /* Sources */,
				00D563ED1DE08E0200014F58 /* Frameworks */,
				00D563EE1DE08E0200014F58 /* Resources */,
			);
			buildRules = (
			);
			dependencies = (
			);
			name = ProjectiOS;
			productName = ProjectiOS;
			productReference = 00D563F01DE08E0200014F58 /* ProjectiOS.app */;
			productType = "com.apple.product-type.application";
		};
/* End PBXNativeTarget section */

/* Begin PBXProject section */
		00D563E81DE08E0200014F58 /* Project object */ = {
			isa = PBXProject;
			attributes = {
				LastSwiftUpdateCheck = 0810;
				LastUpgradeCheck = 0810;
				ORGANIZATIONNAME = Anthony;
				TargetAttributes = {
					00D563EF1DE08E0200014F58 = {
						CreatedOnToolsVersion = 8.1;
						ProvisioningStyle = Automatic;
					};
				};
			};
			buildConfigurationList = 00D563EB1DE08E0200014F58 /* Build configuration list for PBXProject "ProjectiOS" */;
			compatibilityVersion = "Xcode 3.2";
			developmentRegion = English;
			hasScannedForEncodings = 0;
			knownRegions = (
				en,
				Base,
			);
			mainGroup = 00D563E71DE08E0200014F58;
			productRefGroup = 00D563F11DE08E0200014F58 /* Products */;
			projectDirPath = "";
			projectRoot = "";
			targets = (
				00D563EF1DE08E0200014F58 /* ProjectiOS */,
			);
		};
/* End PBXProject section */

/* Begin PBXResourcesBuildPhase section */
		00D563EE1DE08E0200014F58 /* Resources */ = {
			isa = PBXResourcesBuildPhase;
			buildActionMask = 2147483647;
			files = (
				00EF092C1DE0F35300AFA3AB /* GECover in Resources */,
				00D563FE1DE08E0200014F58 /* LaunchScreen.storyboard in Resources */,
				00EF092E1DE0F35300AFA3AB /* aracna.jpg in Resources */,
				00EF092B1DE0F35300AFA3AB /* kimiNoIruMachi.jpg in Resources */,
				00EF092A1DE0F35300AFA3AB /* blueExorcist.jpg in Resources */,
				00EF092D1DE0F35300AFA3AB /* nisekoi.jpg in Resources */,
				00D563FB1DE08E0200014F58 /* Assets.xcassets in Resources */,
				00D563F91DE08E0200014F58 /* Main.storyboard in Resources */,
			);
			runOnlyForDeploymentPostprocessing = 0;
		};
/* End PBXResourcesBuildPhase section */

/* Begin PBXSourcesBuildPhase section */
		00D563EC1DE08E0200014F58 /* Sources */ = {
			isa = PBXSourcesBuildPhase;
			buildActionMask = 2147483647;
			files = (
				00EF093D1DE248B600AFA3AB /* MangaDetailViewController.swift in Sources */,
				00D563F61DE08E0200014F58 /* ViewController.swift in Sources */,
				00EF09231DE0DFE800AFA3AB /* MangaCoverViewCell.swift in Sources */,
				00EF09381DE23D0400AFA3AB /* MangaSearchResultsViewController.swift in Sources */,
				00D563F41DE08E0200014F58 /* AppDelegate.swift in Sources */,
				00EF093A1DE2426C00AFA3AB /* SearchResultMangaTableCell.swift in Sources */,
				00EF09341DE1E2ED00AFA3AB /* MangaCategoryViewCell.swift in Sources */,
				00EF093F1DE2546F00AFA3AB /* GenreIncludeExcludeTableCell.swift in Sources */,
				00D564081DE098C600014F58 /* HomeViewController.swift in Sources */,
			);
			runOnlyForDeploymentPostprocessing = 0;
		};
/* End PBXSourcesBuildPhase section */

/* Begin PBXVariantGroup section */
		00D563F71DE08E0200014F58 /* Main.storyboard */ = {
			isa = PBXVariantGroup;
			children = (
				00D563F81DE08E0200014F58 /* Base */,
			);
			name = Main.storyboard;
			sourceTree = "<group>";
		};
		00D563FC1DE08E0200014F58 /* LaunchScreen.storyboard */ = {
			isa = PBXVariantGroup;
			children = (
				00D563FD1DE08E0200014F58 /* Base */,
			);
			name = LaunchScreen.storyboard;
			sourceTree = "<group>";
		};
/* End PBXVariantGroup section */

/* Begin XCBuildConfiguration section */
		00D564001DE08E0200014F58 /* Debug */ = {
			isa = XCBuildConfiguration;
			buildSettings = {
				ALWAYS_SEARCH_USER_PATHS = NO;
				CLANG_ANALYZER_NONNULL = YES;
				CLANG_CXX_LANGUAGE_STANDARD = "gnu++0x";
				CLANG_CXX_LIBRARY = "libc++";
				CLANG_ENABLE_MODULES = YES;
				CLANG_ENABLE_OBJC_ARC = YES;
				CLANG_WARN_BOOL_CONVERSION = YES;
				CLANG_WARN_CONSTANT_CONVERSION = YES;
				CLANG_WARN_DIRECT_OBJC_ISA_USAGE = YES_ERROR;
				CLANG_WARN_DOCUMENTATION_COMMENTS = YES;
				CLANG_WARN_EMPTY_BODY = YES;
				CLANG_WARN_ENUM_CONVERSION = YES;
				CLANG_WARN_INFINITE_RECURSION = YES;
				CLANG_WARN_INT_CONVERSION = YES;
				CLANG_WARN_OBJC_ROOT_CLASS = YES_ERROR;
				CLANG_WARN_SUSPICIOUS_MOVES = YES;
				CLANG_WARN_UNREACHABLE_CODE = YES;
				CLANG_WARN__DUPLICATE_METHOD_MATCH = YES;
				"CODE_SIGN_IDENTITY[sdk=iphoneos*]" = "iPhone Developer";
				COPY_PHASE_STRIP = NO;
				DEBUG_INFORMATION_FORMAT = dwarf;
				ENABLE_STRICT_OBJC_MSGSEND = YES;
				ENABLE_TESTABILITY = YES;
				GCC_C_LANGUAGE_STANDARD = gnu99;
				GCC_DYNAMIC_NO_PIC = NO;
				GCC_NO_COMMON_BLOCKS = YES;
				GCC_OPTIMIZATION_LEVEL = 0;
				GCC_PREPROCESSOR_DEFINITIONS = (
					"DEBUG=1",
					"$(inherited)",
				);
				GCC_WARN_64_TO_32_BIT_CONVERSION = YES;
				GCC_WARN_ABOUT_RETURN_TYPE = YES_ERROR;
				GCC_WARN_UNDECLARED_SELECTOR = YES;
				GCC_WARN_UNINITIALIZED_AUTOS = YES_AGGRESSIVE;
				GCC_WARN_UNUSED_FUNCTION = YES;
				GCC_WARN_UNUSED_VARIABLE = YES;
				IPHONEOS_DEPLOYMENT_TARGET = 10.1;
				MTL_ENABLE_DEBUG_INFO = YES;
				ONLY_ACTIVE_ARCH = YES;
				SDKROOT = iphoneos;
				SWIFT_ACTIVE_COMPILATION_CONDITIONS = DEBUG;
				SWIFT_OPTIMIZATION_LEVEL = "-Onone";
				TARGETED_DEVICE_FAMILY = "1,2";
			};
			name = Debug;
		};
		00D564011DE08E0200014F58 /* Release */ = {
			isa = XCBuildConfiguration;
			buildSettings = {
				ALWAYS_SEARCH_USER_PATHS = NO;
				CLANG_ANALYZER_NONNULL = YES;
				CLANG_CXX_LANGUAGE_STANDARD = "gnu++0x";
				CLANG_CXX_LIBRARY = "libc++";
				CLANG_ENABLE_MODULES = YES;
				CLANG_ENABLE_OBJC_ARC = YES;
				CLANG_WARN_BOOL_CONVERSION = YES;
				CLANG_WARN_CONSTANT_CONVERSION = YES;
				CLANG_WARN_DIRECT_OBJC_ISA_USAGE = YES_ERROR;
				CLANG_WARN_DOCUMENTATION_COMMENTS = YES;
				CLANG_WARN_EMPTY_BODY = YES;
				CLANG_WARN_ENUM_CONVERSION = YES;
				CLANG_WARN_INFINITE_RECURSION = YES;
				CLANG_WARN_INT_CONVERSION = YES;
				CLANG_WARN_OBJC_ROOT_CLASS = YES_ERROR;
				CLANG_WARN_SUSPICIOUS_MOVES = YES;
				CLANG_WARN_UNREACHABLE_CODE = YES;
				CLANG_WARN__DUPLICATE_METHOD_MATCH = YES;
				"CODE_SIGN_IDENTITY[sdk=iphoneos*]" = "iPhone Developer";
				COPY_PHASE_STRIP = NO;
				DEBUG_INFORMATION_FORMAT = "dwarf-with-dsym";
				ENABLE_NS_ASSERTIONS = NO;
				ENABLE_STRICT_OBJC_MSGSEND = YES;
				GCC_C_LANGUAGE_STANDARD = gnu99;
				GCC_NO_COMMON_BLOCKS = YES;
				GCC_WARN_64_TO_32_BIT_CONVERSION = YES;
				GCC_WARN_ABOUT_RETURN_TYPE = YES_ERROR;
				GCC_WARN_UNDECLARED_SELECTOR = YES;
				GCC_WARN_UNINITIALIZED_AUTOS = YES_AGGRESSIVE;
				GCC_WARN_UNUSED_FUNCTION = YES;
				GCC_WARN_UNUSED_VARIABLE = YES;
				IPHONEOS_DEPLOYMENT_TARGET = 10.1;
				MTL_ENABLE_DEBUG_INFO = NO;
				SDKROOT = iphoneos;
				SWIFT_OPTIMIZATION_LEVEL = "-Owholemodule";
				TARGETED_DEVICE_FAMILY = "1,2";
				VALIDATE_PRODUCT = YES;
			};
			name = Release;
		};
		00D564031DE08E0200014F58 /* Debug */ = {
			isa = XCBuildConfiguration;
			buildSettings = {
				ASSETCATALOG_COMPILER_APPICON_NAME = AppIcon;
				INFOPLIST_FILE = ProjectiOS/Info.plist;
				LD_RUNPATH_SEARCH_PATHS = "$(inherited) @executable_path/Frameworks";
				PRODUCT_BUNDLE_IDENTIFIER = AnthonyBaert.ProjectiOS;
				PRODUCT_NAME = "$(TARGET_NAME)";
				SWIFT_VERSION = 3.0;
			};
			name = Debug;
		};
		00D564041DE08E0200014F58 /* Release */ = {
			isa = XCBuildConfiguration;
			buildSettings = {
				ASSETCATALOG_COMPILER_APPICON_NAME = AppIcon;
				INFOPLIST_FILE = ProjectiOS/Info.plist;
				LD_RUNPATH_SEARCH_PATHS = "$(inherited) @executable_path/Frameworks";
				PRODUCT_BUNDLE_IDENTIFIER = AnthonyBaert.ProjectiOS;
				PRODUCT_NAME = "$(TARGET_NAME)";
				SWIFT_VERSION = 3.0;
			};
			name = Release;
		};
/* End XCBuildConfiguration section */

/* Begin XCConfigurationList section */
		00D563EB1DE08E0200014F58 /* Build configuration list for PBXProject "ProjectiOS" */ = {
			isa = XCConfigurationList;
			buildConfigurations = (
				00D564001DE08E0200014F58 /* Debug */,
				00D564011DE08E0200014F58 /* Release */,
			);
			defaultConfigurationIsVisible = 0;
			defaultConfigurationName = Release;
		};
		00D564021DE08E0200014F58 /* Build configuration list for PBXNativeTarget "ProjectiOS" */ = {
			isa = XCConfigurationList;
			buildConfigurations = (
				00D564031DE08E0200014F58 /* Debug */,
				00D564041DE08E0200014F58 /* Release */,
			);
			defaultConfigurationIsVisible = 0;
			defaultConfigurationName = Release;
		};
/* End XCConfigurationList section */
	};
	rootObject = 00D563E81DE08E0200014F58 /* Project object */;
}
